PODS:
  - Alamofire (5.8.1)
  - AppAuth (1.6.2):
    - AppAuth/Core (= 1.6.2)
    - AppAuth/ExternalUserAgent (= 1.6.2)
  - AppAuth/Core (1.6.2)
  - AppAuth/ExternalUserAgent (1.6.2):
    - AppAuth/Core
  - boost (1.76.0)
  - BVLinearGradient (2.6.2):
    - React-Core
  - ChannelIOSDK (10.0.7)
  - DoubleConversion (1.1.6)
  - EXApplication (5.0.1):
    - ExpoModulesCore
  - EXConstants (14.0.2):
    - ExpoModulesCore
  - EXErrorRecovery (4.0.1):
    - ExpoModulesCore
  - EXFileSystem (15.1.1):
    - ExpoModulesCore
  - EXFont (11.0.1):
    - ExpoModulesCore
  - Expo (47.0.8):
    - ExpoModulesCore
  - ExpoAdapterGoogleSignIn (9.0.0):
    - ExpoModulesCore
    - GoogleSignIn (~> 6.2)
    - React-Core
  - ExpoKeepAwake (11.0.1):
    - ExpoModulesCore
  - ExpoModulesCore (1.0.3):
    - React-Core
    - ReactCommon/turbomodule/core
  - EXSplashScreen (0.17.5):
    - ExpoModulesCore
    - React-Core
  - FBLazyVector (0.70.5)
  - FBReactNativeSpec (0.70.5):
    - RCT-Folly (= 2021.07.22.00)
    - RCTRequired (= 0.70.5)
    - RCTTypeSafety (= 0.70.5)
    - React-Core (= 0.70.5)
    - React-jsi (= 0.70.5)
    - ReactCommon/turbomodule/core (= 0.70.5)
  - Firebase/Auth (9.6.0):
    - Firebase/CoreOnly
    - FirebaseAuth (~> 9.6.0)
  - Firebase/CoreOnly (9.6.0):
    - FirebaseCore (= 9.6.0)
  - Firebase/Messaging (9.6.0):
    - Firebase/CoreOnly
    - FirebaseMessaging (~> 9.6.0)
  - FirebaseAppCheckInterop (10.17.0)
  - FirebaseAuth (9.6.0):
    - FirebaseCore (~> 9.0)
    - GoogleUtilities/AppDelegateSwizzler (~> 7.7)
    - GoogleUtilities/Environment (~> 7.7)
    - GTMSessionFetcher/Core (< 3.0, >= 1.7)
  - FirebaseAuthInterop (10.17.0)
  - FirebaseCore (9.6.0):
    - FirebaseCoreDiagnostics (~> 9.0)
    - FirebaseCoreInternal (~> 9.0)
    - GoogleUtilities/Environment (~> 7.7)
    - GoogleUtilities/Logger (~> 7.7)
  - FirebaseCoreDiagnostics (9.6.0):
    - GoogleDataTransport (< 10.0.0, >= 9.1.4)
    - GoogleUtilities/Environment (~> 7.7)
    - GoogleUtilities/Logger (~> 7.7)
    - nanopb (< 2.30910.0, >= 2.30908.0)
  - FirebaseCoreExtension (9.6.0):
    - FirebaseCore (~> 9.0)
  - FirebaseCoreInternal (9.6.0):
    - "GoogleUtilities/NSData+zlib (~> 7.7)"
  - FirebaseInstallations (9.6.0):
    - FirebaseCore (~> 9.0)
    - GoogleUtilities/Environment (~> 7.7)
    - GoogleUtilities/UserDefaults (~> 7.7)
    - PromisesObjC (~> 2.1)
  - FirebaseMessaging (9.6.0):
    - FirebaseCore (~> 9.0)
    - FirebaseInstallations (~> 9.0)
    - GoogleDataTransport (< 10.0.0, >= 9.1.4)
    - GoogleUtilities/AppDelegateSwizzler (~> 7.7)
    - GoogleUtilities/Environment (~> 7.7)
    - GoogleUtilities/Reachability (~> 7.7)
    - GoogleUtilities/UserDefaults (~> 7.7)
    - nanopb (< 2.30910.0, >= 2.30908.0)
  - FirebaseStorageInternal (9.6.0):
    - FirebaseCore (~> 9.0)
    - GTMSessionFetcher/Core (< 3.0, >= 1.7)
  - fmt (6.2.1)
  - glog (0.3.5)
  - GoogleDataTransport (9.2.5):
    - GoogleUtilities/Environment (~> 7.7)
    - nanopb (< 2.30910.0, >= 2.30908.0)
    - PromisesObjC (< 3.0, >= 1.2)
  - GoogleSignIn (6.2.4):
    - AppAuth (~> 1.5)
    - GTMAppAuth (~> 1.3)
    - GTMSessionFetcher/Core (< 3.0, >= 1.1)
  - GoogleUtilities (7.11.6):
    - GoogleUtilities/AppDelegateSwizzler (= 7.11.6)
    - GoogleUtilities/Environment (= 7.11.6)
    - GoogleUtilities/ISASwizzler (= 7.11.6)
    - GoogleUtilities/Logger (= 7.11.6)
    - GoogleUtilities/MethodSwizzler (= 7.11.6)
    - GoogleUtilities/Network (= 7.11.6)
    - "GoogleUtilities/NSData+zlib (= 7.11.6)"
    - GoogleUtilities/Reachability (= 7.11.6)
    - GoogleUtilities/SwizzlerTestHelpers (= 7.11.6)
    - GoogleUtilities/UserDefaults (= 7.11.6)
  - GoogleUtilities/AppDelegateSwizzler (7.11.6):
    - GoogleUtilities/Environment
    - GoogleUtilities/Logger
    - GoogleUtilities/Network
  - GoogleUtilities/Environment (7.11.6):
    - PromisesObjC (< 3.0, >= 1.2)
  - GoogleUtilities/ISASwizzler (7.11.6)
  - GoogleUtilities/Logger (7.11.6):
    - GoogleUtilities/Environment
  - GoogleUtilities/MethodSwizzler (7.11.6):
    - GoogleUtilities/Logger
  - GoogleUtilities/Network (7.11.6):
    - GoogleUtilities/Logger
    - "GoogleUtilities/NSData+zlib"
    - GoogleUtilities/Reachability
  - "GoogleUtilities/NSData+zlib (7.11.6)"
  - GoogleUtilities/Reachability (7.11.6):
    - GoogleUtilities/Logger
  - GoogleUtilities/SwizzlerTestHelpers (7.11.6):
    - GoogleUtilities/MethodSwizzler
  - GoogleUtilities/UserDefaults (7.11.6):
    - GoogleUtilities/Logger
  - GTMAppAuth (1.3.1):
    - AppAuth/Core (~> 1.6)
    - GTMSessionFetcher/Core (< 3.0, >= 1.5)
  - GTMSessionFetcher/Core (2.3.0)
  - kakao-login (5.2.6):
    - KakaoSDKAuth (= 2.11.1)
    - KakaoSDKCommon (= 2.11.1)
    - KakaoSDKUser (= 2.11.1)
    - React
  - KakaoSDKAuth (2.11.1):
    - KakaoSDKCommon (= 2.11.1)
  - KakaoSDKCommon (2.11.1):
    - KakaoSDKCommon/Common (= 2.11.1)
    - KakaoSDKCommon/Network (= 2.11.1)
  - KakaoSDKCommon/Common (2.11.1)
  - KakaoSDKCommon/Network (2.11.1):
    - Alamofire (~> 5.1)
    - KakaoSDKCommon/Common (= 2.11.1)
  - KakaoSDKUser (2.11.1):
    - KakaoSDKAuth (= 2.11.1)
  - nanopb (2.30909.1):
    - nanopb/decode (= 2.30909.1)
    - nanopb/encode (= 2.30909.1)
  - nanopb/decode (2.30909.1)
  - nanopb/encode (2.30909.1)
  - naveridlogin-sdk-ios (4.1.6)
  - Permission-Camera (3.10.1):
    - RNPermissions
  - Permission-LocationAccuracy (3.10.1):
    - RNPermissions
  - Permission-Notifications (3.10.1):
    - RNPermissions
  - Permission-PhotoLibrary (3.10.1):
    - RNPermissions
  - Permission-PhotoLibraryAddOnly (3.10.1):
    - RNPermissions
  - Permission-StoreKit (3.10.1):
    - RNPermissions
  - PromisesObjC (2.3.1)
  - RCT-Folly (2021.07.22.00):
    - boost
    - DoubleConversion
    - fmt (~> 6.2.1)
    - glog
    - RCT-Folly/Default (= 2021.07.22.00)
  - RCT-Folly/Default (2021.07.22.00):
    - boost
    - DoubleConversion
    - fmt (~> 6.2.1)
    - glog
  - RCTRequired (0.70.5)
  - RCTTypeSafety (0.70.5):
    - FBLazyVector (= 0.70.5)
    - RCTRequired (= 0.70.5)
    - React-Core (= 0.70.5)
  - React (0.70.5):
    - React-Core (= 0.70.5)
    - React-Core/DevSupport (= 0.70.5)
    - React-Core/RCTWebSocket (= 0.70.5)
    - React-RCTActionSheet (= 0.70.5)
    - React-RCTAnimation (= 0.70.5)
    - React-RCTBlob (= 0.70.5)
    - React-RCTImage (= 0.70.5)
    - React-RCTLinking (= 0.70.5)
    - React-RCTNetwork (= 0.70.5)
    - React-RCTSettings (= 0.70.5)
    - React-RCTText (= 0.70.5)
    - React-RCTVibration (= 0.70.5)
  - React-bridging (0.70.5):
    - RCT-Folly (= 2021.07.22.00)
    - React-jsi (= 0.70.5)
  - React-callinvoker (0.70.5)
  - React-Codegen (0.70.5):
    - FBReactNativeSpec (= 0.70.5)
    - RCT-Folly (= 2021.07.22.00)
    - RCTRequired (= 0.70.5)
    - RCTTypeSafety (= 0.70.5)
    - React-Core (= 0.70.5)
    - React-jsi (= 0.70.5)
    - React-jsiexecutor (= 0.70.5)
    - ReactCommon/turbomodule/core (= 0.70.5)
  - React-Core (0.70.5):
    - glog
    - RCT-Folly (= 2021.07.22.00)
    - React-Core/Default (= 0.70.5)
    - React-cxxreact (= 0.70.5)
    - React-jsi (= 0.70.5)
    - React-jsiexecutor (= 0.70.5)
    - React-perflogger (= 0.70.5)
    - Yoga
  - React-Core/CoreModulesHeaders (0.70.5):
    - glog
    - RCT-Folly (= 2021.07.22.00)
    - React-Core/Default
    - React-cxxreact (= 0.70.5)
    - React-jsi (= 0.70.5)
    - React-jsiexecutor (= 0.70.5)
    - React-perflogger (= 0.70.5)
    - Yoga
  - React-Core/Default (0.70.5):
    - glog
    - RCT-Folly (= 2021.07.22.00)
    - React-cxxreact (= 0.70.5)
    - React-jsi (= 0.70.5)
    - React-jsiexecutor (= 0.70.5)
    - React-perflogger (= 0.70.5)
    - Yoga
  - React-Core/DevSupport (0.70.5):
    - glog
    - RCT-Folly (= 2021.07.22.00)
    - React-Core/Default (= 0.70.5)
    - React-Core/RCTWebSocket (= 0.70.5)
    - React-cxxreact (= 0.70.5)
    - React-jsi (= 0.70.5)
    - React-jsiexecutor (= 0.70.5)
    - React-jsinspector (= 0.70.5)
    - React-perflogger (= 0.70.5)
    - Yoga
  - React-Core/RCTActionSheetHeaders (0.70.5):
    - glog
    - RCT-Folly (= 2021.07.22.00)
    - React-Core/Default
    - React-cxxreact (= 0.70.5)
    - React-jsi (= 0.70.5)
    - React-jsiexecutor (= 0.70.5)
    - React-perflogger (= 0.70.5)
    - Yoga
  - React-Core/RCTAnimationHeaders (0.70.5):
    - glog
    - RCT-Folly (= 2021.07.22.00)
    - React-Core/Default
    - React-cxxreact (= 0.70.5)
    - React-jsi (= 0.70.5)
    - React-jsiexecutor (= 0.70.5)
    - React-perflogger (= 0.70.5)
    - Yoga
  - React-Core/RCTBlobHeaders (0.70.5):
    - glog
    - RCT-Folly (= 2021.07.22.00)
    - React-Core/Default
    - React-cxxreact (= 0.70.5)
    - React-jsi (= 0.70.5)
    - React-jsiexecutor (= 0.70.5)
    - React-perflogger (= 0.70.5)
    - Yoga
  - React-Core/RCTImageHeaders (0.70.5):
    - glog
    - RCT-Folly (= 2021.07.22.00)
    - React-Core/Default
    - React-cxxreact (= 0.70.5)
    - React-jsi (= 0.70.5)
    - React-jsiexecutor (= 0.70.5)
    - React-perflogger (= 0.70.5)
    - Yoga
  - React-Core/RCTLinkingHeaders (0.70.5):
    - glog
    - RCT-Folly (= 2021.07.22.00)
    - React-Core/Default
    - React-cxxreact (= 0.70.5)
    - React-jsi (= 0.70.5)
    - React-jsiexecutor (= 0.70.5)
    - React-perflogger (= 0.70.5)
    - Yoga
  - React-Core/RCTNetworkHeaders (0.70.5):
    - glog
    - RCT-Folly (= 2021.07.22.00)
    - React-Core/Default
    - React-cxxreact (= 0.70.5)
    - React-jsi (= 0.70.5)
    - React-jsiexecutor (= 0.70.5)
    - React-perflogger (= 0.70.5)
    - Yoga
  - React-Core/RCTSettingsHeaders (0.70.5):
    - glog
    - RCT-Folly (= 2021.07.22.00)
    - React-Core/Default
    - React-cxxreact (= 0.70.5)
    - React-jsi (= 0.70.5)
    - React-jsiexecutor (= 0.70.5)
    - React-perflogger (= 0.70.5)
    - Yoga
  - React-Core/RCTTextHeaders (0.70.5):
    - glog
    - RCT-Folly (= 2021.07.22.00)
    - React-Core/Default
    - React-cxxreact (= 0.70.5)
    - React-jsi (= 0.70.5)
    - React-jsiexecutor (= 0.70.5)
    - React-perflogger (= 0.70.5)
    - Yoga
  - React-Core/RCTVibrationHeaders (0.70.5):
    - glog
    - RCT-Folly (= 2021.07.22.00)
    - React-Core/Default
    - React-cxxreact (= 0.70.5)
    - React-jsi (= 0.70.5)
    - React-jsiexecutor (= 0.70.5)
    - React-perflogger (= 0.70.5)
    - Yoga
  - React-Core/RCTWebSocket (0.70.5):
    - glog
    - RCT-Folly (= 2021.07.22.00)
    - React-Core/Default (= 0.70.5)
    - React-cxxreact (= 0.70.5)
    - React-jsi (= 0.70.5)
    - React-jsiexecutor (= 0.70.5)
    - React-perflogger (= 0.70.5)
    - Yoga
  - React-CoreModules (0.70.5):
    - RCT-Folly (= 2021.07.22.00)
    - RCTTypeSafety (= 0.70.5)
    - React-Codegen (= 0.70.5)
    - React-Core/CoreModulesHeaders (= 0.70.5)
    - React-jsi (= 0.70.5)
    - React-RCTImage (= 0.70.5)
    - ReactCommon/turbomodule/core (= 0.70.5)
  - React-cxxreact (0.70.5):
    - boost (= 1.76.0)
    - DoubleConversion
    - glog
    - RCT-Folly (= 2021.07.22.00)
    - React-callinvoker (= 0.70.5)
    - React-jsi (= 0.70.5)
    - React-jsinspector (= 0.70.5)
    - React-logger (= 0.70.5)
    - React-perflogger (= 0.70.5)
    - React-runtimeexecutor (= 0.70.5)
  - React-jsi (0.70.5):
    - boost (= 1.76.0)
    - DoubleConversion
    - glog
    - RCT-Folly (= 2021.07.22.00)
    - React-jsi/Default (= 0.70.5)
  - React-jsi/Default (0.70.5):
    - boost (= 1.76.0)
    - DoubleConversion
    - glog
    - RCT-Folly (= 2021.07.22.00)
  - React-jsiexecutor (0.70.5):
    - DoubleConversion
    - glog
    - RCT-Folly (= 2021.07.22.00)
    - React-cxxreact (= 0.70.5)
    - React-jsi (= 0.70.5)
    - React-perflogger (= 0.70.5)
  - React-jsinspector (0.70.5)
  - React-logger (0.70.5):
    - glog
  - react-native-blur (4.3.2):
    - React-Core
  - react-native-cameraroll (5.2.0):
    - React-Core
  - react-native-capture-protection (1.9.1):
    - React-Core
  - react-native-encrypted-storage (4.0.3):
    - React-Core
  - react-native-get-random-values (1.8.0):
    - React-Core
  - react-native-image-picker (7.0.3):
    - React-Core
  - react-native-safe-area-context (4.4.1):
    - RCT-Folly
    - RCTRequired
    - RCTTypeSafety
    - React-Core
    - ReactCommon/turbomodule/core
  - react-native-version-check (3.4.7):
    - React-Core
  - react-native-webview (11.26.0):
    - React-Core
  - React-perflogger (0.70.5)
  - React-RCTActionSheet (0.70.5):
    - React-Core/RCTActionSheetHeaders (= 0.70.5)
  - React-RCTAnimation (0.70.5):
    - RCT-Folly (= 2021.07.22.00)
    - RCTTypeSafety (= 0.70.5)
    - React-Codegen (= 0.70.5)
    - React-Core/RCTAnimationHeaders (= 0.70.5)
    - React-jsi (= 0.70.5)
    - ReactCommon/turbomodule/core (= 0.70.5)
  - React-RCTBlob (0.70.5):
    - RCT-Folly (= 2021.07.22.00)
    - React-Codegen (= 0.70.5)
    - React-Core/RCTBlobHeaders (= 0.70.5)
    - React-Core/RCTWebSocket (= 0.70.5)
    - React-jsi (= 0.70.5)
    - React-RCTNetwork (= 0.70.5)
    - ReactCommon/turbomodule/core (= 0.70.5)
  - React-RCTImage (0.70.5):
    - RCT-Folly (= 2021.07.22.00)
    - RCTTypeSafety (= 0.70.5)
    - React-Codegen (= 0.70.5)
    - React-Core/RCTImageHeaders (= 0.70.5)
    - React-jsi (= 0.70.5)
    - React-RCTNetwork (= 0.70.5)
    - ReactCommon/turbomodule/core (= 0.70.5)
  - React-RCTLinking (0.70.5):
    - React-Codegen (= 0.70.5)
    - React-Core/RCTLinkingHeaders (= 0.70.5)
    - React-jsi (= 0.70.5)
    - ReactCommon/turbomodule/core (= 0.70.5)
  - React-RCTNetwork (0.70.5):
    - RCT-Folly (= 2021.07.22.00)
    - RCTTypeSafety (= 0.70.5)
    - React-Codegen (= 0.70.5)
    - React-Core/RCTNetworkHeaders (= 0.70.5)
    - React-jsi (= 0.70.5)
    - ReactCommon/turbomodule/core (= 0.70.5)
  - React-RCTSettings (0.70.5):
    - RCT-Folly (= 2021.07.22.00)
    - RCTTypeSafety (= 0.70.5)
    - React-Codegen (= 0.70.5)
    - React-Core/RCTSettingsHeaders (= 0.70.5)
    - React-jsi (= 0.70.5)
    - ReactCommon/turbomodule/core (= 0.70.5)
  - React-RCTText (0.70.5):
    - React-Core/RCTTextHeaders (= 0.70.5)
  - React-RCTVibration (0.70.5):
    - RCT-Folly (= 2021.07.22.00)
    - React-Codegen (= 0.70.5)
    - React-Core/RCTVibrationHeaders (= 0.70.5)
    - React-jsi (= 0.70.5)
    - ReactCommon/turbomodule/core (= 0.70.5)
  - React-runtimeexecutor (0.70.5):
    - React-jsi (= 0.70.5)
  - ReactCommon/turbomodule/core (0.70.5):
    - DoubleConversion
    - glog
    - RCT-Folly (= 2021.07.22.00)
    - React-bridging (= 0.70.5)
    - React-callinvoker (= 0.70.5)
    - React-Core (= 0.70.5)
    - React-cxxreact (= 0.70.5)
    - React-jsi (= 0.70.5)
    - React-logger (= 0.70.5)
    - React-perflogger (= 0.70.5)
  - rn-fetch-blob (0.12.0):
    - React-Core
  - RNAppleAuthentication (2.2.2):
    - React-Core
  - RNCClipboard (1.13.2):
    - React-Core
  - RNChannelIO (0.1.1):
    - ChannelIOSDK (~> 10)
    - React
  - RNDeviceInfo (10.3.0):
    - React-Core
  - RNFBApp (15.7.0):
    - Firebase/CoreOnly (= 9.6.0)
    - React-Core
  - RNFBAuth (15.7.0):
    - Firebase/Auth (= 9.6.0)
    - React-Core
    - RNFBApp
  - RNFBMessaging (15.7.0):
    - Firebase/Messaging (= 9.6.0)
    - FirebaseCoreExtension (= 9.6.0)
    - React-Core
    - RNFBApp
  - RNFS (2.20.0):
    - React-Core
  - RNGoogleSignin (9.0.0):
    - GoogleSignIn (~> 6.2)
    - React-Core
  - RNIap (12.11.0):
    - React-Core
  - RNNaverLogin (3.0.0-rc.1):
    - naveridlogin-sdk-ios (~> 4.1.5)
    - React
  - RNPermissions (3.10.1):
    - React-Core
  - RNScreens (3.18.2):
    - React-Core
    - React-RCTImage
  - RNShare (10.0.2):
    - React-Core
  - RNSVG (13.6.0):
    - React-Core
  - Yoga (1.14.0)

DEPENDENCIES:
  - boost (from `../node_modules/react-native/third-party-podspecs/boost.podspec`)
  - BVLinearGradient (from `../node_modules/react-native-linear-gradient`)
  - ChannelIOSDK (from `https://mobile-static.channel.io/ios/10.0.7/xcframework.podspec`)
  - DoubleConversion (from `../node_modules/react-native/third-party-podspecs/DoubleConversion.podspec`)
  - EXApplication (from `../node_modules/expo-application/ios`)
  - EXConstants (from `../node_modules/expo-constants/ios`)
  - EXErrorRecovery (from `../node_modules/expo-error-recovery/ios`)
  - EXFileSystem (from `../node_modules/expo-file-system/ios`)
  - EXFont (from `../node_modules/expo-font/ios`)
  - Expo (from `../node_modules/expo`)
  - "ExpoAdapterGoogleSignIn (from `../node_modules/@react-native-google-signin/google-signin/ios`)"
  - ExpoKeepAwake (from `../node_modules/expo-keep-awake/ios`)
  - ExpoModulesCore (from `../node_modules/expo-modules-core`)
  - EXSplashScreen (from `../node_modules/expo-splash-screen/ios`)
  - FBLazyVector (from `../node_modules/react-native/Libraries/FBLazyVector`)
  - FBReactNativeSpec (from `../node_modules/react-native/React/FBReactNativeSpec`)
  - FirebaseAppCheckInterop
  - FirebaseAuthInterop
  - FirebaseCore
  - FirebaseCoreExtension
  - FirebaseStorageInternal
  - glog (from `../node_modules/react-native/third-party-podspecs/glog.podspec`)
  - GoogleUtilities
  - "kakao-login (from `../node_modules/@react-native-seoul/kakao-login`)"
  - naveridlogin-sdk-ios
  - Permission-Camera (from `../node_modules/react-native-permissions/ios/Camera`)
  - Permission-LocationAccuracy (from `../node_modules/react-native-permissions/ios/LocationAccuracy`)
  - Permission-Notifications (from `../node_modules/react-native-permissions/ios/Notifications`)
  - Permission-PhotoLibrary (from `../node_modules/react-native-permissions/ios/PhotoLibrary`)
  - Permission-PhotoLibraryAddOnly (from `../node_modules/react-native-permissions/ios/PhotoLibraryAddOnly`)
  - Permission-StoreKit (from `../node_modules/react-native-permissions/ios/StoreKit`)
  - RCT-Folly (from `../node_modules/react-native/third-party-podspecs/RCT-Folly.podspec`)
  - RCTRequired (from `../node_modules/react-native/Libraries/RCTRequired`)
  - RCTTypeSafety (from `../node_modules/react-native/Libraries/TypeSafety`)
  - React (from `../node_modules/react-native/`)
  - React-bridging (from `../node_modules/react-native/ReactCommon`)
  - React-callinvoker (from `../node_modules/react-native/ReactCommon/callinvoker`)
  - React-Codegen (from `build/generated/ios`)
  - React-Core (from `../node_modules/react-native/`)
  - React-Core/RCTWebSocket (from `../node_modules/react-native/`)
  - React-CoreModules (from `../node_modules/react-native/React/CoreModules`)
  - React-cxxreact (from `../node_modules/react-native/ReactCommon/cxxreact`)
  - React-jsi (from `../node_modules/react-native/ReactCommon/jsi`)
  - React-jsiexecutor (from `../node_modules/react-native/ReactCommon/jsiexecutor`)
  - React-jsinspector (from `../node_modules/react-native/ReactCommon/jsinspector`)
  - React-logger (from `../node_modules/react-native/ReactCommon/logger`)
  - "react-native-blur (from `../node_modules/@react-native-community/blur`)"
  - "react-native-cameraroll (from `../node_modules/@react-native-camera-roll/camera-roll`)"
  - react-native-capture-protection (from `../node_modules/react-native-capture-protection`)
  - react-native-encrypted-storage (from `../node_modules/react-native-encrypted-storage`)
  - react-native-get-random-values (from `../node_modules/react-native-get-random-values`)
  - react-native-image-picker (from `../node_modules/react-native-image-picker`)
  - react-native-safe-area-context (from `../node_modules/react-native-safe-area-context`)
  - react-native-version-check (from `../node_modules/react-native-version-check`)
  - react-native-webview (from `../node_modules/react-native-webview`)
  - React-perflogger (from `../node_modules/react-native/ReactCommon/reactperflogger`)
  - React-RCTActionSheet (from `../node_modules/react-native/Libraries/ActionSheetIOS`)
  - React-RCTAnimation (from `../node_modules/react-native/Libraries/NativeAnimation`)
  - React-RCTBlob (from `../node_modules/react-native/Libraries/Blob`)
  - React-RCTImage (from `../node_modules/react-native/Libraries/Image`)
  - React-RCTLinking (from `../node_modules/react-native/Libraries/LinkingIOS`)
  - React-RCTNetwork (from `../node_modules/react-native/Libraries/Network`)
  - React-RCTSettings (from `../node_modules/react-native/Libraries/Settings`)
  - React-RCTText (from `../node_modules/react-native/Libraries/Text`)
  - React-RCTVibration (from `../node_modules/react-native/Libraries/Vibration`)
  - React-runtimeexecutor (from `../node_modules/react-native/ReactCommon/runtimeexecutor`)
  - ReactCommon/turbomodule/core (from `../node_modules/react-native/ReactCommon`)
  - rn-fetch-blob (from `../node_modules/rn-fetch-blob`)
  - "RNAppleAuthentication (from `../node_modules/@invertase/react-native-apple-authentication`)"
  - "RNCClipboard (from `../node_modules/@react-native-clipboard/clipboard`)"
  - RNChannelIO (from `../node_modules/react-native-channel-plugin`)
  - RNDeviceInfo (from `../node_modules/react-native-device-info`)
  - "RNFBApp (from `../node_modules/@react-native-firebase/app`)"
  - "RNFBAuth (from `../node_modules/@react-native-firebase/auth`)"
  - "RNFBMessaging (from `../node_modules/@react-native-firebase/messaging`)"
  - RNFS (from `../node_modules/react-native-fs`)
  - "RNGoogleSignin (from `../node_modules/@react-native-google-signin/google-signin`)"
  - RNIap (from `../node_modules/react-native-iap`)
  - "RNNaverLogin (from `../node_modules/@react-native-seoul/naver-login`)"
  - RNPermissions (from `../node_modules/react-native-permissions`)
  - RNScreens (from `../node_modules/react-native-screens`)
  - RNShare (from `../node_modules/react-native-share`)
  - RNSVG (from `../node_modules/react-native-svg`)
  - Yoga (from `../node_modules/react-native/ReactCommon/yoga`)

SPEC REPOS:
  trunk:
    - Alamofire
    - AppAuth
    - Firebase
    - FirebaseAppCheckInterop
    - FirebaseAuth
    - FirebaseAuthInterop
    - FirebaseCore
    - FirebaseCoreDiagnostics
    - FirebaseCoreExtension
    - FirebaseCoreInternal
    - FirebaseInstallations
    - FirebaseMessaging
    - FirebaseStorageInternal
    - fmt
    - GoogleDataTransport
    - GoogleSignIn
    - GoogleUtilities
    - GTMAppAuth
    - GTMSessionFetcher
    - KakaoSDKAuth
    - KakaoSDKCommon
    - KakaoSDKUser
    - nanopb
    - naveridlogin-sdk-ios
    - PromisesObjC

EXTERNAL SOURCES:
  boost:
    :podspec: "../node_modules/react-native/third-party-podspecs/boost.podspec"
  BVLinearGradient:
    :path: "../node_modules/react-native-linear-gradient"
  ChannelIOSDK:
    :podspec: https://mobile-static.channel.io/ios/10.0.7/xcframework.podspec
  DoubleConversion:
    :podspec: "../node_modules/react-native/third-party-podspecs/DoubleConversion.podspec"
  EXApplication:
    :path: "../node_modules/expo-application/ios"
  EXConstants:
    :path: "../node_modules/expo-constants/ios"
  EXErrorRecovery:
    :path: "../node_modules/expo-error-recovery/ios"
  EXFileSystem:
    :path: "../node_modules/expo-file-system/ios"
  EXFont:
    :path: "../node_modules/expo-font/ios"
  Expo:
    :path: "../node_modules/expo"
  ExpoAdapterGoogleSignIn:
    :path: "../node_modules/@react-native-google-signin/google-signin/ios"
  ExpoKeepAwake:
    :path: "../node_modules/expo-keep-awake/ios"
  ExpoModulesCore:
    :path: "../node_modules/expo-modules-core"
  EXSplashScreen:
    :path: "../node_modules/expo-splash-screen/ios"
  FBLazyVector:
    :path: "../node_modules/react-native/Libraries/FBLazyVector"
  FBReactNativeSpec:
    :path: "../node_modules/react-native/React/FBReactNativeSpec"
  glog:
    :podspec: "../node_modules/react-native/third-party-podspecs/glog.podspec"
  kakao-login:
    :path: "../node_modules/@react-native-seoul/kakao-login"
  Permission-Camera:
    :path: "../node_modules/react-native-permissions/ios/Camera"
  Permission-LocationAccuracy:
    :path: "../node_modules/react-native-permissions/ios/LocationAccuracy"
  Permission-Notifications:
    :path: "../node_modules/react-native-permissions/ios/Notifications"
  Permission-PhotoLibrary:
    :path: "../node_modules/react-native-permissions/ios/PhotoLibrary"
  Permission-PhotoLibraryAddOnly:
    :path: "../node_modules/react-native-permissions/ios/PhotoLibraryAddOnly"
  Permission-StoreKit:
    :path: "../node_modules/react-native-permissions/ios/StoreKit"
  RCT-Folly:
    :podspec: "../node_modules/react-native/third-party-podspecs/RCT-Folly.podspec"
  RCTRequired:
    :path: "../node_modules/react-native/Libraries/RCTRequired"
  RCTTypeSafety:
    :path: "../node_modules/react-native/Libraries/TypeSafety"
  React:
    :path: "../node_modules/react-native/"
  React-bridging:
    :path: "../node_modules/react-native/ReactCommon"
  React-callinvoker:
    :path: "../node_modules/react-native/ReactCommon/callinvoker"
  React-Codegen:
    :path: build/generated/ios
  React-Core:
    :path: "../node_modules/react-native/"
  React-CoreModules:
    :path: "../node_modules/react-native/React/CoreModules"
  React-cxxreact:
    :path: "../node_modules/react-native/ReactCommon/cxxreact"
  React-jsi:
    :path: "../node_modules/react-native/ReactCommon/jsi"
  React-jsiexecutor:
    :path: "../node_modules/react-native/ReactCommon/jsiexecutor"
  React-jsinspector:
    :path: "../node_modules/react-native/ReactCommon/jsinspector"
  React-logger:
    :path: "../node_modules/react-native/ReactCommon/logger"
  react-native-blur:
    :path: "../node_modules/@react-native-community/blur"
  react-native-cameraroll:
    :path: "../node_modules/@react-native-camera-roll/camera-roll"
  react-native-capture-protection:
    :path: "../node_modules/react-native-capture-protection"
  react-native-encrypted-storage:
    :path: "../node_modules/react-native-encrypted-storage"
  react-native-get-random-values:
    :path: "../node_modules/react-native-get-random-values"
  react-native-image-picker:
    :path: "../node_modules/react-native-image-picker"
  react-native-safe-area-context:
    :path: "../node_modules/react-native-safe-area-context"
  react-native-version-check:
    :path: "../node_modules/react-native-version-check"
  react-native-webview:
    :path: "../node_modules/react-native-webview"
  React-perflogger:
    :path: "../node_modules/react-native/ReactCommon/reactperflogger"
  React-RCTActionSheet:
    :path: "../node_modules/react-native/Libraries/ActionSheetIOS"
  React-RCTAnimation:
    :path: "../node_modules/react-native/Libraries/NativeAnimation"
  React-RCTBlob:
    :path: "../node_modules/react-native/Libraries/Blob"
  React-RCTImage:
    :path: "../node_modules/react-native/Libraries/Image"
  React-RCTLinking:
    :path: "../node_modules/react-native/Libraries/LinkingIOS"
  React-RCTNetwork:
    :path: "../node_modules/react-native/Libraries/Network"
  React-RCTSettings:
    :path: "../node_modules/react-native/Libraries/Settings"
  React-RCTText:
    :path: "../node_modules/react-native/Libraries/Text"
  React-RCTVibration:
    :path: "../node_modules/react-native/Libraries/Vibration"
  React-runtimeexecutor:
    :path: "../node_modules/react-native/ReactCommon/runtimeexecutor"
  ReactCommon:
    :path: "../node_modules/react-native/ReactCommon"
  rn-fetch-blob:
    :path: "../node_modules/rn-fetch-blob"
  RNAppleAuthentication:
    :path: "../node_modules/@invertase/react-native-apple-authentication"
  RNCClipboard:
    :path: "../node_modules/@react-native-clipboard/clipboard"
  RNChannelIO:
    :path: "../node_modules/react-native-channel-plugin"
  RNDeviceInfo:
    :path: "../node_modules/react-native-device-info"
  RNFBApp:
    :path: "../node_modules/@react-native-firebase/app"
  RNFBAuth:
    :path: "../node_modules/@react-native-firebase/auth"
  RNFBMessaging:
    :path: "../node_modules/@react-native-firebase/messaging"
  RNFS:
    :path: "../node_modules/react-native-fs"
  RNGoogleSignin:
    :path: "../node_modules/@react-native-google-signin/google-signin"
  RNIap:
    :path: "../node_modules/react-native-iap"
  RNNaverLogin:
    :path: "../node_modules/@react-native-seoul/naver-login"
  RNPermissions:
    :path: "../node_modules/react-native-permissions"
  RNScreens:
    :path: "../node_modules/react-native-screens"
  RNShare:
    :path: "../node_modules/react-native-share"
  RNSVG:
    :path: "../node_modules/react-native-svg"
  Yoga:
    :path: "../node_modules/react-native/ReactCommon/yoga"

SPEC CHECKSUMS:
  Alamofire: 3ca42e259043ee0dc5c0cdd76c4bc568b8e42af7
  AppAuth: 3bb1d1cd9340bd09f5ed189fb00b1cc28e1e8570
  boost: a7c83b31436843459a1961bfd74b96033dc77234
  BVLinearGradient: 34a999fda29036898a09c6a6b728b0b4189e1a44
  ChannelIOSDK: 26b4155fe9a8615b872e8ee11756195cbec7f9a5
  DoubleConversion: 5189b271737e1565bdce30deb4a08d647e3f5f54
  EXApplication: 097fc9f58dd3921d7ce3f64157978a3523652a84
  EXConstants: dc7a16230c5815fa80ed70b3a09aa7f2e2a94be3
  EXErrorRecovery: 2f378e5c9aaaab8b09179da65080d958721f8a36
  EXFileSystem: 509903f11b97b25b54d8f449d5c1fc49cb2172f4
  EXFont: 955655aa111e20756af96d7c5c0b23add0cdc303
  Expo: 25f2d078291e9cef30c0db6a133635995db6b0cb
  ExpoAdapterGoogleSignIn: 5cc6948877878777f73cf1b4c7fd89686a1295bc
  ExpoKeepAwake: f8aae9b3d48116f253418cde831cf71af424d563
  ExpoModulesCore: c2f062666480f30cf157b1ac8b5089132c7ed85c
  EXSplashScreen: a864db3be7c3362c9e0d4a78f5034f73f3284239
  FBLazyVector: affa4ba1bfdaac110a789192f4d452b053a86624
  FBReactNativeSpec: fe8b5f1429cfe83a8d72dc8ed61dc7704cac8745
  Firebase: 5ae8b7cf8efce559a653aef0ad95bab3f427c351
  FirebaseAppCheckInterop: 534d033d8d0436b4ab066a8205013d271e18a2b9
  FirebaseAuth: e4a5d3c36e778e41141b91cc861103a441d80bcc
  FirebaseAuthInterop: 86bc376e41419f2dc05c16aa42fe8301171a93aa
  FirebaseCore: 2082fffcd855f95f883c0a1641133eb9bbe76d40
  FirebaseCoreDiagnostics: 99a495094b10a57eeb3ae8efa1665700ad0bdaa6
  FirebaseCoreExtension: e83465d1236b166d1d445bbf0e82b65acb30b73b
  FirebaseCoreInternal: bca76517fe1ed381e989f5e7d8abb0da8d85bed3
  FirebaseInstallations: 0a115432c4e223c5ab20b0dbbe4cbefa793a0e8e
  FirebaseMessaging: a4d7910e4af663c9cbfc1071c5bef34651690949
  FirebaseStorageInternal: 81d8a597324ccd06c41a43c5700bc1185a2fc328
  fmt: ff9d55029c625d3757ed641535fd4a75fedc7ce9
  glog: 04b94705f318337d7ead9e6d17c019bd9b1f6b1b
  GoogleDataTransport: 54dee9d48d14580407f8f5fbf2f496e92437a2f2
  GoogleSignIn: 5651ce3a61e56ca864160e79b484cd9ed3f49b7a
  GoogleUtilities: 202e7a9f5128accd11160fb9c19612de1911aa19
  GTMAppAuth: 0ff230db599948a9ad7470ca667337803b3fc4dd
  GTMSessionFetcher: 3a63d75eecd6aa32c2fc79f578064e1214dfdec2
  kakao-login: 2fbe3c549915276a44f7777036ee316e720f4738
  KakaoSDKAuth: bb2dfa7be30daa8403c9cfc8001aa6fde7a5b779
  KakaoSDKCommon: 555e1bb46595b842ded01cf7888cc17bbae4e113
  KakaoSDKUser: 08c0a4f40bebdebdf948a9e3d0e44ed5c2754f99
  nanopb: d4d75c12cd1316f4a64e3c6963f879ecd4b5e0d5
  naveridlogin-sdk-ios: cdd34e3585a3d5aaf37c1d84c1f41faba4a25d1a
  Permission-Camera: 9b70902f34a83c10e198d2d01f0e453e58842776
  Permission-LocationAccuracy: dc0b0989dd004f183a32ad5f99802d9e09b0571a
  Permission-Notifications: 817390e18898f34adad940cd4141e771e77086ea
  Permission-PhotoLibrary: 03c52ed95dadfb0f2ba4c7663786cce0c4e0c978
  Permission-PhotoLibraryAddOnly: c4fbf91806bbdc3ed877049bc09fbe58ad9a7c97
  Permission-StoreKit: 15355f1b7343865bc3b80fbfbfec7f012c691743
  PromisesObjC: c50d2056b5253dadbd6c2bea79b0674bd5a52fa4
  RCT-Folly: 0080d0a6ebf2577475bda044aa59e2ca1f909cda
  RCTRequired: 21229f84411088e5d8538f21212de49e46cc83e2
  RCTTypeSafety: 62eed57a32924b09edaaf170a548d1fc96223086
  React: f0254ccddeeef1defe66c6b1bb9133a4f040792b
  React-bridging: e46911666b7ec19538a620a221d6396cd293d687
  React-callinvoker: 66b62e2c34546546b2f21ab0b7670346410a2b53
  React-Codegen: b6999435966df3bdf82afa3f319ba0d6f9a8532a
  React-Core: dabbc9d1fe0a11d884e6ee1599789cf8eb1058a5
  React-CoreModules: 5b6b7668f156f73a56420df9ec68ca2ec8f2e818
  React-cxxreact: c7ca2baee46db22a30fce9e639277add3c3f6ad1
  React-jsi: a565dcb49130ed20877a9bb1105ffeecbb93d02d
  React-jsiexecutor: 31564fa6912459921568e8b0e49024285a4d584b
  React-jsinspector: badd81696361249893a80477983e697aab3c1a34
  React-logger: fdda34dd285bdb0232e059b19d9606fa0ec3bb9c
  react-native-blur: cfdad7b3c01d725ab62a8a729f42ea463998afa2
  react-native-cameraroll: 4253c573d67355fb098b28aaee29954c2bbf6a0b
  react-native-capture-protection: 3eb119fdef1190d757977f131e9f9f8e754ba699
  react-native-encrypted-storage: 9220c8a959b2abe4231466bb504158a572168729
  react-native-get-random-values: a6ea6a8a65dc93e96e24a11105b1a9c8cfe1d72a
  react-native-image-picker: 2381c008bbb09e72395a2d043c147b11bd1523d9
  react-native-safe-area-context: ec0d85aca8110dae9327430a9541fec165352dab
  react-native-version-check: e067839655745e0de4f088c5dc921c52051d658a
  react-native-webview: 9737b411a470f100d3cfc14eaf58513f05218138
  React-perflogger: e68d3795cf5d247a0379735cbac7309adf2fb931
  React-RCTActionSheet: 05452c3b281edb27850253db13ecd4c5a65bc247
  React-RCTAnimation: 578eebac706428e68466118e84aeacf3a282b4da
  React-RCTBlob: f47a0aa61e7d1fb1a0e13da832b0da934939d71a
  React-RCTImage: 60f54b66eed65d86b6dffaf4733d09161d44929d
  React-RCTLinking: 91073205aeec4b29450ca79b709277319368ac9e
  React-RCTNetwork: ca91f2c9465a7e335c8a5fae731fd7f10572213b
  React-RCTSettings: 1a9a5d01337d55c18168c1abe0f4a589167d134a
  React-RCTText: c591e8bd9347a294d8416357ca12d779afec01d5
  React-RCTVibration: 8e5c8c5d17af641f306d7380d8d0fe9b3c142c48
  React-runtimeexecutor: 7401c4a40f8728fd89df4a56104541b760876117
  ReactCommon: c9246996e73bf75a2c6c3ff15f1e16707cdc2da9
  rn-fetch-blob: f065bb7ab7fb48dd002629f8bdcb0336602d3cba
  RNAppleAuthentication: 0571c08da8c327ae2afc0261b48b4a515b0286a6
  RNCClipboard: 60fed4b71560d7bfe40e9d35dea9762b024da86d
  RNChannelIO: 868f304cf03a13cdbabb2a019b6e33e0a91f8d40
  RNDeviceInfo: e5dbe9fc01590f4bc5b9dda77e39ff6a39859224
  RNFBApp: c3c9e694e9d34c14250a069916eb05785c5f3c32
  RNFBAuth: ef1a543a1a3cda42cd84c0784631c1edfcab3e4f
  RNFBMessaging: a006029b26c2d7b34c93c45ff1b8fedb5fae35d5
  RNFS: 4ac0f0ea233904cb798630b3c077808c06931688
  RNGoogleSignin: e20a8256b33d59849a203e7a213be51fa8843644
  RNIap: fc9af04ee706894a80c9d8f979bae930b0dee191
  RNNaverLogin: 21bf8065f8e0fca9f5502d0fc81f7967a06d858c
  RNPermissions: 4e3714e18afe7141d000beae3755e5b5fb2f5e05
  RNScreens: 34cc502acf1b916c582c60003dc3089fa01dc66d
  RNShare: 859ff710211285676b0bcedd156c12437ea1d564
  RNSVG: 3a79c0c4992213e4f06c08e62730c5e7b9e4dc17
  Yoga: eca980a5771bf114c41a754098cd85e6e0d90ed7

PODFILE CHECKSUM: d20f543ca2884062614613c86f9d30ad23398c28

COCOAPODS: 1.11.3
